
Microsoft Visual Studio Solution File, Format Version 12.00
# Visual Studio 15
Project("{FAE04EC0-301F-11D3-BF4B-00C04F79EFBC}") = "HoloLensTCPClient", "HoloLensTCPClient.csproj", "{01C4341A-47CB-F6B9-E149-13A6E6EBE32D}"
EndProject
Project("{FAE04EC0-301F-11D3-BF4B-00C04F79EFBC}") = "HoloLensTCPClient.Editor", "HoloLensTCPClient.Editor.csproj", "{58B7FDA9-D5C7-6649-EB9B-B5850C32FBBF}"
EndProject
Global
	GlobalSection(SolutionConfigurationPlatforms) = preSolution
		Debug|Any CPU = Debug|Any CPU
		Release|Any CPU = Release|Any CPU
	EndGlobalSection
	GlobalSection(ProjectConfigurationPlatforms) = postSolution
		{01C4341A-47CB-F6B9-E149-13A6E6EBE32D}.Debug|Any CPU.ActiveCfg = Debug|Any CPU
		{01C4341A-47CB-F6B9-E149-13A6E6EBE32D}.Debug|Any CPU.Build.0 = Debug|Any CPU
		{01C4341A-47CB-F6B9-E149-13A6E6EBE32D}.Release|Any CPU.ActiveCfg = Release|Any CPU
		{01C4341A-47CB-F6B9-E149-13A6E6EBE32D}.Release|Any CPU.Build.0 = Release|Any CPU
		{58B7FDA9-D5C7-6649-EB9B-B5850C32FBBF}.Debug|Any CPU.ActiveCfg = Debug|Any CPU
		{58B7FDA9-D5C7-6649-EB9B-B5850C32FBBF}.Debug|Any CPU.Build.0 = Debug|Any CPU
		{58B7FDA9-D5C7-6649-EB9B-B5850C32FBBF}.Release|Any CPU.ActiveCfg = Release|Any CPU
		{58B7FDA9-D5C7-6649-EB9B-B5850C32FBBF}.Release|Any CPU.Build.0 = Release|Any CPU
	EndGlobalSection
	GlobalSection(SolutionProperties) = preSolution
		HideSolutionNode = FALSE
	EndGlobalSection
EndGlobal
